<?xml version="1.0" encoding="utf-8"?>
<Project ToolsVersion="4.0" xmlns="http://schemas.microsoft.com/developer/msbuild/2003">
  <ItemGroup>
    <Filter Include="Source Files">
      <UniqueIdentifier>{4FC737F1-C7A5-4376-A066-2A32D752A2FF}</UniqueIdentifier>
      <Extensions>cpp;c;cc;cxx;c++;cppm;ixx;def;odl;idl;hpj;bat;asm;asmx</Extensions>
    </Filter>
    <Filter Include="Header Files">
      <UniqueIdentifier>{93995380-89BD-4b04-88EB-625FBE52EBFB}</UniqueIdentifier>
      <Extensions>h;hh;hpp;hxx;h++;hm;inl;inc;ipp;xsd</Extensions>
    </Filter>
    <Filter Include="Resource Files">
      <UniqueIdentifier>{67DA6AB6-F800-4c08-8B7A-83BB121AAD01}</UniqueIdentifier>
      <Extensions>rc;ico;cur;bmp;dlg;rc2;rct;bin;rgs;gif;jpg;jpeg;jpe;resx;tiff;tif;png;wav;mfcribbon-ms</Extensions>
    </Filter>
  </ItemGroup>
  <ItemGroup>
    <ClCompile Include="razno.cpp">
      <Filter>Source Files</Filter>
    </ClCompile>
    <ClCompile Include="Parsity.cpp">
      <Filter>Source Files</Filter>
    </ClCompile>
    <ClCompile Include="Checkbook.cpp">
      <Filter>Source Files</Filter>
    </ClCompile>
    <ClCompile Include="Queue.cpp">
      <Filter>Source Files</Filter>
    </ClCompile>
    <ClCompile Include="Small_set.cpp">
      <Filter>Source Files</Filter>
    </ClCompile>
    <ClCompile Include="FlashCards.cpp">
      <Filter>Source Files</Filter>
    </ClCompile>
    <ClCompile Include="ShareFile1.cpp">
      <Filter>Source Files</Filter>
    </ClCompile>
    <ClCompile Include="ShareFile2_.cpp">
      <Filter>Source Files</Filter>
    </ClCompile>
    <ClCompile Include="ShareFileInterface.cpp">
      <Filter>Source Files</Filter>
    </ClCompile>
    <ClCompile Include="Pigs.cpp">
      <Filter>Source Files</Filter>
    </ClCompile>
    <ClCompile Include="Horses.cpp">
      <Filter>Source Files</Filter>
    </ClCompile>
    <ClCompile Include="Dogs.cpp">
      <Filter>Source Files</Filter>
    </ClCompile>
    <ClCompile Include="Stack_Instance.cpp">
      <Filter>Source Files</Filter>
    </ClCompile>
    <ClCompile Include="Line_number.cpp">
      <Filter>Source Files</Filter>
    </ClCompile>
    <ClCompile Include="File_16C.cpp">
      <Filter>Source Files</Filter>
    </ClCompile>
    <ClCompile Include="infOsobi.cpp">
      <Filter>Source Files</Filter>
    </ClCompile>
    <ClCompile Include="Razlomak.cpp">
      <Filter>Source Files</Filter>
    </ClCompile>
    <ClCompile Include="Decimal.cpp">
      <Filter>Source Files</Filter>
    </ClCompile>
    <ClCompile Include="Time.cpp">
      <Filter>Source Files</Filter>
    </ClCompile>
    <ClCompile Include="StringDouble.cpp">
      <Filter>Source Files</Filter>
    </ClCompile>
    <ClCompile Include="String_matcher.cpp">
      <Filter>Source Files</Filter>
    </ClCompile>
    <ClCompile Include="Word_match.cpp">
      <Filter>Source Files</Filter>
    </ClCompile>
    <ClCompile Include="d_Number_mather.cpp">
      <Filter>Source Files</Filter>
    </ClCompile>
    <ClCompile Include="d_BlankStr_matcher.cpp">
      <Filter>Source Files</Filter>
    </ClCompile>
    <ClCompile Include="b_Oblik.cpp">
      <Filter>Source Files</Filter>
    </ClCompile>
    <ClCompile Include="d_Krug.cpp">
      <Filter>Source Files</Filter>
    </ClCompile>
    <ClCompile Include="d_Kvadrat.cpp">
      <Filter>Source Files</Filter>
    </ClCompile>
    <ClCompile Include="d_Trokut.cpp">
      <Filter>Source Files</Filter>
    </ClCompile>
    <ClCompile Include="b_Number.cpp">
      <Filter>Source Files</Filter>
    </ClCompile>
    <ClCompile Include="d_Dek.cpp">
      <Filter>Source Files</Filter>
    </ClCompile>
    <ClCompile Include="d_Hex.cpp">
      <Filter>Source Files</Filter>
    </ClCompile>
    <ClCompile Include="d_Okt.cpp">
      <Filter>Source Files</Filter>
    </ClCompile>
    <ClCompile Include="PageFormatting.cpp">
      <Filter>Source Files</Filter>
    </ClCompile>
    <ClCompile Include="SymbolTable.cpp">
      <Filter>Source Files</Filter>
    </ClCompile>
    <ClCompile Include="Niz_template.cpp">
      <Filter>Source Files</Filter>
    </ClCompile>
    <ClCompile Include="Mail_label.cpp">
      <Filter>Source Files</Filter>
    </ClCompile>
    <ClCompile Include="List.cpp">
      <Filter>Source Files</Filter>
    </ClCompile>
  </ItemGroup>
  <ItemGroup>
    <ClInclude Include="Parsity.hpp">
      <Filter>Header Files</Filter>
    </ClInclude>
    <ClInclude Include="Checkbook.hpp">
      <Filter>Header Files</Filter>
    </ClInclude>
    <ClInclude Include="Queue.hpp">
      <Filter>Header Files</Filter>
    </ClInclude>
    <ClInclude Include="Small_set.hpp">
      <Filter>Header Files</Filter>
    </ClInclude>
    <ClInclude Include="FlashCards.hpp">
      <Filter>Header Files</Filter>
    </ClInclude>
    <ClInclude Include="ShareFile1.hpp">
      <Filter>Header Files</Filter>
    </ClInclude>
    <ClInclude Include="ShareFile2_.hpp">
      <Filter>Header Files</Filter>
    </ClInclude>
    <ClInclude Include="ShareFileInterface.hpp">
      <Filter>Header Files</Filter>
    </ClInclude>
    <ClInclude Include="Pigs.hpp">
      <Filter>Header Files</Filter>
    </ClInclude>
    <ClInclude Include="Horses.hpp">
      <Filter>Header Files</Filter>
    </ClInclude>
    <ClInclude Include="Dogs.hpp">
      <Filter>Header Files</Filter>
    </ClInclude>
    <ClInclude Include="Stack_Instance.hpp">
      <Filter>Header Files</Filter>
    </ClInclude>
    <ClInclude Include="Line_number.hpp">
      <Filter>Header Files</Filter>
    </ClInclude>
    <ClInclude Include="File_16C.hpp">
      <Filter>Header Files</Filter>
    </ClInclude>
    <ClInclude Include="infOsobi.hpp">
      <Filter>Header Files</Filter>
    </ClInclude>
    <ClInclude Include="Razlomak.hpp">
      <Filter>Header Files</Filter>
    </ClInclude>
    <ClInclude Include="Decimal.hpp">
      <Filter>Header Files</Filter>
    </ClInclude>
    <ClInclude Include="Time.hpp">
      <Filter>Header Files</Filter>
    </ClInclude>
    <ClInclude Include="StringDouble.hpp">
      <Filter>Header Files</Filter>
    </ClInclude>
    <ClInclude Include="String_matcher.hpp">
      <Filter>Header Files</Filter>
    </ClInclude>
    <ClInclude Include="Word_match.hpp">
      <Filter>Header Files</Filter>
    </ClInclude>
    <ClInclude Include="d_Number_mather.hpp">
      <Filter>Header Files</Filter>
    </ClInclude>
    <ClInclude Include="d_BlankStr_matcher.hpp">
      <Filter>Header Files</Filter>
    </ClInclude>
    <ClInclude Include="b_Oblik.hpp">
      <Filter>Header Files</Filter>
    </ClInclude>
    <ClInclude Include="d_Krug.hpp">
      <Filter>Header Files</Filter>
    </ClInclude>
    <ClInclude Include="d_Kvadrat.hpp">
      <Filter>Header Files</Filter>
    </ClInclude>
    <ClInclude Include="d_Trokut.hpp">
      <Filter>Header Files</Filter>
    </ClInclude>
    <ClInclude Include="b_Number.hpp">
      <Filter>Header Files</Filter>
    </ClInclude>
    <ClInclude Include="d_Dek.hpp">
      <Filter>Header Files</Filter>
    </ClInclude>
    <ClInclude Include="d_Hex.hpp">
      <Filter>Header Files</Filter>
    </ClInclude>
    <ClInclude Include="d_Okt.hpp">
      <Filter>Header Files</Filter>
    </ClInclude>
    <ClInclude Include="PageFormatting.hpp">
      <Filter>Header Files</Filter>
    </ClInclude>
    <ClInclude Include="SymbolTable.hpp">
      <Filter>Header Files</Filter>
    </ClInclude>
    <ClInclude Include="Niz_template.hpp">
      <Filter>Header Files</Filter>
    </ClInclude>
    <ClInclude Include="Mail_label.hpp">
      <Filter>Header Files</Filter>
    </ClInclude>
    <ClInclude Include="List.hpp">
      <Filter>Header Files</Filter>
    </ClInclude>
  </ItemGroup>
  <ItemGroup>
    <None Include="ClassDiagram.cd" />
  </ItemGroup>
</Project>